{
  "name": "sample",
  "version": "1.0.0",
  "lockfileVersion": 1,
  "requires": true,
  "dependencies": {
    "@takenokotech/operatorts": {
      "version": "0.0.6",
      "resolved": "https://npm.pkg.github.com/download/@takenokotech/operatorts/0.0.6/611d4906b634f76b371021a6f55f92c1d4b66082ab2c8a81c831c594f6853929",
      "integrity": "sha512-GsgMUeCyUvCXGzCwS/UrzGJwRZAsSfaHuuUZb+T8uGL8nGhiS+wvxayTZ1ugJ3PTyYYcsJeJp4HzmV6mh63fNg=="
    }
  }
}
